
Microsoft Visual Studio Solution File, Format Version 12.00
# Visual Studio Version 17
VisualStudioVersion = 17.8.34601.278
MinimumVisualStudioVersion = 10.0.40219.1
Project("{2150E333-8FDC-42A3-9474-1A3956D46DE8}") = "Dependency", "Dependency", "{FC9C6596-6165-4EAE-8EE4-8D75187E80B5}"
EndProject
Project("{2150E333-8FDC-42A3-9474-1A3956D46DE8}") = "Library", "Library", "{A595223D-AF37-48D8-9490-15FD6B2DFA68}"
EndProject
Project("{8BC9CEB8-8B4A-11D0-8D11-00A0C91BC942}") = "AngelicaSubset", "..\Library\AngelicaSubset\AngelicaSubset.vcxproj", "{E8676130-78AE-4C16-B8DC-A482D1792BF4}"
EndProject
Project("{8BC9CEB8-8B4A-11D0-8D11-00A0C91BC942}") = "PolicyLib", "..\Library\PolicyLib\PolicyLib.vcxproj", "{279CDB19-4C60-4E7C-818C-B239DD1C3E69}"
EndProject
Project("{8BC9CEB8-8B4A-11D0-8D11-00A0C91BC942}") = "zlib", "..\Dependency\zlib-1.2.13\zlib.vcxproj", "{91AE2613-C9B2-401B-A901-951E42D36A45}"
EndProject
Project("{8BC9CEB8-8B4A-11D0-8D11-00A0C91BC942}") = "PropDlg", "..\Library\PropDlg\PropDlg.vcxproj", "{5551BC6F-CB4F-499D-A9A5-A66989A61404}"
EndProject
Global
	GlobalSection(SolutionConfigurationPlatforms) = preSolution
		Debug|x64 = Debug|x64
		Release|x64 = Release|x64
	EndGlobalSection
	GlobalSection(ProjectConfigurationPlatforms) = postSolution
		{E8676130-78AE-4C16-B8DC-A482D1792BF4}.Debug|x64.ActiveCfg = Debug|x64
		{E8676130-78AE-4C16-B8DC-A482D1792BF4}.Debug|x64.Build.0 = Debug|x64
		{E8676130-78AE-4C16-B8DC-A482D1792BF4}.Release|x64.ActiveCfg = Release|x64
		{E8676130-78AE-4C16-B8DC-A482D1792BF4}.Release|x64.Build.0 = Release|x64
		{279CDB19-4C60-4E7C-818C-B239DD1C3E69}.Debug|x64.ActiveCfg = Debug|x64
		{279CDB19-4C60-4E7C-818C-B239DD1C3E69}.Debug|x64.Build.0 = Debug|x64
		{279CDB19-4C60-4E7C-818C-B239DD1C3E69}.Release|x64.ActiveCfg = Release|x64
		{279CDB19-4C60-4E7C-818C-B239DD1C3E69}.Release|x64.Build.0 = Release|x64
		{91AE2613-C9B2-401B-A901-951E42D36A45}.Debug|x64.ActiveCfg = Debug|x64
		{91AE2613-C9B2-401B-A901-951E42D36A45}.Debug|x64.Build.0 = Debug|x64
		{91AE2613-C9B2-401B-A901-951E42D36A45}.Release|x64.ActiveCfg = Release|x64
		{91AE2613-C9B2-401B-A901-951E42D36A45}.Release|x64.Build.0 = Release|x64
		{5551BC6F-CB4F-499D-A9A5-A66989A61404}.Debug|x64.ActiveCfg = Debug|x64
		{5551BC6F-CB4F-499D-A9A5-A66989A61404}.Debug|x64.Build.0 = Debug|x64
		{5551BC6F-CB4F-499D-A9A5-A66989A61404}.Release|x64.ActiveCfg = Release|x64
		{5551BC6F-CB4F-499D-A9A5-A66989A61404}.Release|x64.Build.0 = Release|x64
	EndGlobalSection
	GlobalSection(SolutionProperties) = preSolution
		HideSolutionNode = FALSE
	EndGlobalSection
	GlobalSection(NestedProjects) = preSolution
		{E8676130-78AE-4C16-B8DC-A482D1792BF4} = {A595223D-AF37-48D8-9490-15FD6B2DFA68}
		{279CDB19-4C60-4E7C-818C-B239DD1C3E69} = {A595223D-AF37-48D8-9490-15FD6B2DFA68}
		{91AE2613-C9B2-401B-A901-951E42D36A45} = {FC9C6596-6165-4EAE-8EE4-8D75187E80B5}
		{5551BC6F-CB4F-499D-A9A5-A66989A61404} = {A595223D-AF37-48D8-9490-15FD6B2DFA68}
	EndGlobalSection
	GlobalSection(ExtensibilityGlobals) = postSolution
		SolutionGuid = {EE742935-B154-4E33-BDAB-70D1EB5F2430}
	EndGlobalSection
EndGlobal
