
Microsoft Visual Studio Solution File, Format Version 12.00
# Visual Studio Version 17
VisualStudioVersion = 17.8.34601.278
MinimumVisualStudioVersion = 10.0.40219.1
Project("{2150E333-8FDC-42A3-9474-1A3956D46DE8}") = "Dependency", "Dependency", "{6C07FEB2-4C41-4529-8705-49157EDB286B}"
EndProject
Project("{2150E333-8FDC-42A3-9474-1A3956D46DE8}") = "Library", "Library", "{51B937BB-4146-4D3E-A378-C855296BEFCC}"
EndProject
Project("{8BC9CEB8-8B4A-11D0-8D11-00A0C91BC942}") = "zlib", "..\Dependency\zlib-1.2.13\zlib.vcxproj", "{91AE2613-C9B2-401B-A901-951E42D36A45}"
EndProject
Project("{8BC9CEB8-8B4A-11D0-8D11-00A0C91BC942}") = "AngelicaSubset", "..\Library\AngelicaSubset\AngelicaSubset.vcxproj", "{E8676130-78AE-4C16-B8DC-A482D1792BF4}"
EndProject
Project("{8BC9CEB8-8B4A-11D0-8D11-00A0C91BC942}") = "PropDlgW", "..\Library\PropDlgW\PropDlgW.vcxproj", "{3B0CBE4F-9300-4364-88B4-9F30397BFFB8}"
EndProject
Project("{2150E333-8FDC-42A3-9474-1A3956D46DE8}") = "Tools", "Tools", "{E3E1D38B-E844-44F1-9E98-FF23A5F9E94A}"
EndProject
Project("{8BC9CEB8-8B4A-11D0-8D11-00A0C91BC942}") = "PolicyEdit", "..\Tools\PolicyEdit\PolicyEdit.vcxproj", "{DDEDC718-50EF-4085-9E32-1A328A7A16E3}"
EndProject
Global
	GlobalSection(SolutionConfigurationPlatforms) = preSolution
		Debug|x64 = Debug|x64
		Release|x64 = Release|x64
	EndGlobalSection
	GlobalSection(ProjectConfigurationPlatforms) = postSolution
		{91AE2613-C9B2-401B-A901-951E42D36A45}.Debug|x64.ActiveCfg = Debug|x64
		{91AE2613-C9B2-401B-A901-951E42D36A45}.Debug|x64.Build.0 = Debug|x64
		{91AE2613-C9B2-401B-A901-951E42D36A45}.Release|x64.ActiveCfg = Release|x64
		{91AE2613-C9B2-401B-A901-951E42D36A45}.Release|x64.Build.0 = Release|x64
		{E8676130-78AE-4C16-B8DC-A482D1792BF4}.Debug|x64.ActiveCfg = Debug|x64
		{E8676130-78AE-4C16-B8DC-A482D1792BF4}.Debug|x64.Build.0 = Debug|x64
		{E8676130-78AE-4C16-B8DC-A482D1792BF4}.Release|x64.ActiveCfg = Release|x64
		{E8676130-78AE-4C16-B8DC-A482D1792BF4}.Release|x64.Build.0 = Release|x64
		{3B0CBE4F-9300-4364-88B4-9F30397BFFB8}.Debug|x64.ActiveCfg = Debug|x64
		{3B0CBE4F-9300-4364-88B4-9F30397BFFB8}.Debug|x64.Build.0 = Debug|x64
		{3B0CBE4F-9300-4364-88B4-9F30397BFFB8}.Release|x64.ActiveCfg = Release|x64
		{3B0CBE4F-9300-4364-88B4-9F30397BFFB8}.Release|x64.Build.0 = Release|x64
		{DDEDC718-50EF-4085-9E32-1A328A7A16E3}.Debug|x64.ActiveCfg = Debug|x64
		{DDEDC718-50EF-4085-9E32-1A328A7A16E3}.Debug|x64.Build.0 = Debug|x64
		{DDEDC718-50EF-4085-9E32-1A328A7A16E3}.Release|x64.ActiveCfg = Release|x64
		{DDEDC718-50EF-4085-9E32-1A328A7A16E3}.Release|x64.Build.0 = Release|x64
	EndGlobalSection
	GlobalSection(SolutionProperties) = preSolution
		HideSolutionNode = FALSE
	EndGlobalSection
	GlobalSection(NestedProjects) = preSolution
		{91AE2613-C9B2-401B-A901-951E42D36A45} = {6C07FEB2-4C41-4529-8705-49157EDB286B}
		{E8676130-78AE-4C16-B8DC-A482D1792BF4} = {51B937BB-4146-4D3E-A378-C855296BEFCC}
		{3B0CBE4F-9300-4364-88B4-9F30397BFFB8} = {51B937BB-4146-4D3E-A378-C855296BEFCC}
		{DDEDC718-50EF-4085-9E32-1A328A7A16E3} = {E3E1D38B-E844-44F1-9E98-FF23A5F9E94A}
	EndGlobalSection
	GlobalSection(ExtensibilityGlobals) = postSolution
		SolutionGuid = {3549697F-E445-4A1F-A51D-9F29B3FE938A}
	EndGlobalSection
EndGlobal
